
Microsoft Visual Studio Solution File, Format Version 12.00
# Visual Studio Version 17
VisualStudioVersion = 17.11.35327.3
MinimumVisualStudioVersion = 10.0.40219.1
Project("{FAE04EC0-301F-11D3-BF4B-00C04F79EFBC}") = "WinFormsApp1", "WinFormsApp1\WinFormsApp1.csproj", "{0C3DECD7-774A-471B-8A33-090A2E0792A0}"
EndProject
Global
	GlobalSection(SolutionConfigurationPlatforms) = preSolution
		Debug|Any CPU = Debug|Any CPU
		Release|Any CPU = Release|Any CPU
	EndGlobalSection
	GlobalSection(ProjectConfigurationPlatforms) = postSolution
		{0C3DECD7-774A-471B-8A33-090A2E0792A0}.Debug|Any CPU.ActiveCfg = Debug|Any CPU
		{0C3DECD7-774A-471B-8A33-090A2E0792A0}.Debug|Any CPU.Build.0 = Debug|Any CPU
		{0C3DECD7-774A-471B-8A33-090A2E0792A0}.Release|Any CPU.ActiveCfg = Release|Any CPU
		{0C3DECD7-774A-471B-8A33-090A2E0792A0}.Release|Any CPU.Build.0 = Release|Any CPU
	EndGlobalSection
	GlobalSection(SolutionProperties) = preSolution
		HideSolutionNode = FALSE
	EndGlobalSection
	GlobalSection(ExtensibilityGlobals) = postSolution
		SolutionGuid = {B823A1DF-F9B4-49E2-BEDA-56417CD9C798}
	EndGlobalSection
EndGlobal
